{
  "originHash" : "41c78b6fadedaac6d60b01b4170c0e94ebbaeb31942f137841e3622f3b8bb1d7",
  "pins" : [
    {
      "identity" : "lionheartextensions",
      "kind" : "remoteSourceControl",
      "location" : "https://github.com/lionheart/LionheartExtensions.git",
      "state" : {
        "revision" : "93dc8f10e48d0ca1564ab52c51c1b43e811afc7e",
        "version" : "6.0.0"
      }
    },
    {
      "identity" : "nimble",
      "kind" : "remoteSourceControl",
      "location" : "https://github.com/Quick/Nimble.git",
      "state" : {
        "revision" : "7a46a5fc86cb917f69e3daf79fcb045283d8f008",
        "version" : "8.1.2"
      }
    },
    {
      "identity" : "quick",
      "kind" : "remoteSourceControl",
      "location" : "https://github.com/Quick/Quick.git",
      "state" : {
        "revision" : "09b3becb37cb2163919a3842a4c5fa6ec7130792",
        "version" : "2.2.1"
      }
    },
    {
      "identity" : "superlayout",
      "kind" : "remoteSourceControl",
      "location" : "https://github.com/lionheart/SuperLayout.git",
      "state" : {
        "revision" : "c09f7d1e459185345d2d0fce6e606f71ca14269b",
        "version" : "4.0.0"
      }
    }
  ],
  "version" : 3
}
