PODS:
  - LionheartExtensions (5.0.2):
    - LionheartExtensions/Core (= 5.0.2)
  - LionheartExtensions/Core (5.0.2)
  - SuperLayout (2.0.0):
    - SuperLayout/Core (= 2.0.0)
  - SuperLayout/Core (2.0.0)
  - WelcomeViewController (2.0.0):
    - LionheartExtensions (~> 5.0)
    - SuperLayout (~> 2.0)

DEPENDENCIES:
  - WelcomeViewController (from `../`)

SPEC REPOS:
  https://github.com/CocoaPods/Specs.git:
    - LionheartExtensions
    - SuperLayout

EXTERNAL SOURCES:
  WelcomeViewController:
    :path: "../"

SPEC CHECKSUMS:
  LionheartExtensions: 09fa816d98176012c8f9adf7f21774f528dbc90e
  SuperLayout: 0208ad821522fb50b62d9b8b808690d190a871ea
  WelcomeViewController: ac69522e5555b3f3b2f7cf365cee70b053b16d6d

PODFILE CHECKSUM: 9a102a3bae6bf921b187bfa6b8c862e88ff3815e

COCOAPODS: 1.16.2
